// !$*UTF8*$!
{
	archiveVersion = 1;
	classes = {
	};
	objectVersion = 55;
	objects = {

/* Begin PBXBuildFile section */
		4F41804328A536BB00A1BE29 /* AppDelegate.swift in Sources */ = {isa = PBXBuildFile; fileRef = 4F41804228A536BB00A1BE29 /* AppDelegate.swift */; };
		4F41804528A536BB00A1BE29 /* SceneDelegate.swift in Sources */ = {isa = PBXBuildFile; fileRef = 4F41804428A536BB00A1BE29 /* SceneDelegate.swift */; };
		4F41804C28A536BC00A1BE29 /* Assets.xcassets in Resources */ = {isa = PBXBuildFile; fileRef = 4F41804B28A536BC00A1BE29 /* Assets.xcassets */; };
		4F41804F28A536BC00A1BE29 /* LaunchScreen.storyboard in Resources */ = {isa = PBXBuildFile; fileRef = 4F41804D28A536BC00A1BE29 /* LaunchScreen.storyboard */; };
		4F41806E28A53C4200A1BE29 /* UnsplashImage.swift in Sources */ = {isa = PBXBuildFile; fileRef = 4F41806D28A53C4200A1BE29 /* UnsplashImage.swift */; };
		4F41807028A53C7F00A1BE29 /* ImageColor.swift in Sources */ = {isa = PBXBuildFile; fileRef = 4F41806F28A53C7F00A1BE29 /* ImageColor.swift */; };
		4F41807228A53CBB00A1BE29 /* CoolorsTableViewCell.swift in Sources */ = {isa = PBXBuildFile; fileRef = 4F41807128A53CBB00A1BE29 /* CoolorsTableViewCell.swift */; };
		4F41807428A53CD100A1BE29 /* CoolorsView.swift in Sources */ = {isa = PBXBuildFile; fileRef = 4F41807328A53CD100A1BE29 /* CoolorsView.swift */; };
		4F41807628A53D4F00A1BE29 /* CoolorsListViewController.swift in Sources */ = {isa = PBXBuildFile; fileRef = 4F41807528A53D4F00A1BE29 /* CoolorsListViewController.swift */; };
		4F41807828A53D7C00A1BE29 /* UnsplashParser.swift in Sources */ = {isa = PBXBuildFile; fileRef = 4F41807728A53D7C00A1BE29 /* UnsplashParser.swift */; };
		4F41807A28A53D9300A1BE29 /* UnsplashPath.swift in Sources */ = {isa = PBXBuildFile; fileRef = 4F41807928A53D9300A1BE29 /* UnsplashPath.swift */; };
		4F41807C28A53DA000A1BE29 /* ImageService.swift in Sources */ = {isa = PBXBuildFile; fileRef = 4F41807B28A53DA000A1BE29 /* ImageService.swift */; };
		4F41807E28A53DAF00A1BE29 /* Extensions.swift in Sources */ = {isa = PBXBuildFile; fileRef = 4F41807D28A53DAF00A1BE29 /* Extensions.swift */; };
/* End PBXBuildFile section */

/* Begin PBXFileReference section */
		4F41803F28A536BB00A1BE29 /* Coolors.app */ = {isa = PBXFileReference; explicitFileType = wrapper.application; includeInIndex = 0; path = Coolors.app; sourceTree = BUILT_PRODUCTS_DIR; };
		4F41804228A536BB00A1BE29 /* AppDelegate.swift */ = {isa = PBXFileReference; lastKnownFileType = sourcecode.swift; path = AppDelegate.swift; sourceTree = "<group>"; };
		4F41804428A536BB00A1BE29 /* SceneDelegate.swift */ = {isa = PBXFileReference; lastKnownFileType = sourcecode.swift; path = SceneDelegate.swift; sourceTree = "<group>"; };
		4F41804B28A536BC00A1BE29 /* Assets.xcassets */ = {isa = PBXFileReference; lastKnownFileType = folder.assetcatalog; path = Assets.xcassets; sourceTree = "<group>"; };
		4F41804E28A536BC00A1BE29 /* Base */ = {isa = PBXFileReference; lastKnownFileType = file.storyboard; name = Base; path = Base.lproj/LaunchScreen.storyboard; sourceTree = "<group>"; };
		4F41805028A536BC00A1BE29 /* Info.plist */ = {isa = PBXFileReference; lastKnownFileType = text.plist.xml; path = Info.plist; sourceTree = "<group>"; };
		4F41806D28A53C4200A1BE29 /* UnsplashImage.swift */ = {isa = PBXFileReference; lastKnownFileType = sourcecode.swift; path = UnsplashImage.swift; sourceTree = "<group>"; };
		4F41806F28A53C7F00A1BE29 /* ImageColor.swift */ = {isa = PBXFileReference; lastKnownFileType = sourcecode.swift; path = ImageColor.swift; sourceTree = "<group>"; };
		4F41807128A53CBB00A1BE29 /* CoolorsTableViewCell.swift */ = {isa = PBXFileReference; lastKnownFileType = sourcecode.swift; path = CoolorsTableViewCell.swift; sourceTree = "<group>"; };
		4F41807328A53CD100A1BE29 /* CoolorsView.swift */ = {isa = PBXFileReference; lastKnownFileType = sourcecode.swift; path = CoolorsView.swift; sourceTree = "<group>"; };
		4F41807528A53D4F00A1BE29 /* CoolorsListViewController.swift */ = {isa = PBXFileReference; lastKnownFileType = sourcecode.swift; path = CoolorsListViewController.swift; sourceTree = "<group>"; };
		4F41807728A53D7C00A1BE29 /* UnsplashParser.swift */ = {isa = PBXFileReference; lastKnownFileType = sourcecode.swift; path = UnsplashParser.swift; sourceTree = "<group>"; };
		4F41807928A53D9300A1BE29 /* UnsplashPath.swift */ = {isa = PBXFileReference; lastKnownFileType = sourcecode.swift; path = UnsplashPath.swift; sourceTree = "<group>"; };
		4F41807B28A53DA000A1BE29 /* ImageService.swift */ = {isa = PBXFileReference; lastKnownFileType = sourcecode.swift; path = ImageService.swift; sourceTree = "<group>"; };
		4F41807D28A53DAF00A1BE29 /* Extensions.swift */ = {isa = PBXFileReference; lastKnownFileType = sourcecode.swift; path = Extensions.swift; sourceTree = "<group>"; };
/* End PBXFileReference section */

/* Begin PBXFrameworksBuildPhase section */
		4F41803C28A536BB00A1BE29 /* Frameworks */ = {
			isa = PBXFrameworksBuildPhase;
			buildActionMask = 2147483647;
			files = (
			);
			runOnlyForDeploymentPostprocessing = 0;
		};
/* End PBXFrameworksBuildPhase section */

/* Begin PBXGroup section */
		4F41803628A536BB00A1BE29 = {
			isa = PBXGroup;
			children = (
				4F41804128A536BB00A1BE29 /* Coolors */,
				4F41804028A536BB00A1BE29 /* Products */,
			);
			sourceTree = "<group>";
		};
		4F41804028A536BB00A1BE29 /* Products */ = {
			isa = PBXGroup;
			children = (
				4F41803F28A536BB00A1BE29 /* Coolors.app */,
			);
			name = Products;
			sourceTree = "<group>";
		};
		4F41804128A536BB00A1BE29 /* Coolors */ = {
			isa = PBXGroup;
			children = (
				4F41806728A5379900A1BE29 /* System */,
				4F41805A28A5370E00A1BE29 /* Models */,
				4F41806628A5377F00A1BE29 /* Views */,
				4F41806A28A537DE00A1BE29 /* Controllers */,
				4F41805B28A5372900A1BE29 /* Services */,
				4F41804B28A536BC00A1BE29 /* Assets.xcassets */,
				4F41804D28A536BC00A1BE29 /* LaunchScreen.storyboard */,
				4F41805028A536BC00A1BE29 /* Info.plist */,
			);
			path = Coolors;
			sourceTree = "<group>";
		};
		4F41805A28A5370E00A1BE29 /* Models */ = {
			isa = PBXGroup;
			children = (
				4F41806D28A53C4200A1BE29 /* UnsplashImage.swift */,
				4F41806F28A53C7F00A1BE29 /* ImageColor.swift */,
			);
			path = Models;
			sourceTree = "<group>";
		};
		4F41805B28A5372900A1BE29 /* Services */ = {
			isa = PBXGroup;
			children = (
				4F41807728A53D7C00A1BE29 /* UnsplashParser.swift */,
				4F41807928A53D9300A1BE29 /* UnsplashPath.swift */,
				4F41807B28A53DA000A1BE29 /* ImageService.swift */,
				4F41807D28A53DAF00A1BE29 /* Extensions.swift */,
			);
			path = Services;
			sourceTree = "<group>";
		};
		4F41806628A5377F00A1BE29 /* Views */ = {
			isa = PBXGroup;
			children = (
				4F41807128A53CBB00A1BE29 /* CoolorsTableViewCell.swift */,
				4F41807328A53CD100A1BE29 /* CoolorsView.swift */,
			);
			path = Views;
			sourceTree = "<group>";
		};
		4F41806728A5379900A1BE29 /* System */ = {
			isa = PBXGroup;
			children = (
				4F41804228A536BB00A1BE29 /* AppDelegate.swift */,
				4F41804428A536BB00A1BE29 /* SceneDelegate.swift */,
			);
			path = System;
			sourceTree = "<group>";
		};
		4F41806A28A537DE00A1BE29 /* Controllers */ = {
			isa = PBXGroup;
			children = (
				4F41807528A53D4F00A1BE29 /* CoolorsListViewController.swift */,
			);
			path = Controllers;
			sourceTree = "<group>";
		};
/* End PBXGroup section */

/* Begin PBXNativeTarget section */
		4F41803E28A536BB00A1BE29 /* Coolors */ = {
			isa = PBXNativeTarget;
			buildConfigurationList = 4F41805328A536BC00A1BE29 /* Build configuration list for PBXNativeTarget "Coolors" */;
			buildPhases = (
				4F41803B28A536BB00A1BE29 /* Sources */,
				4F41803C28A536BB00A1BE29 /* Frameworks */,
				4F41803D28A536BB00A1BE29 /* Resources */,
			);
			buildRules = (
			);
			dependencies = (
			);
			name = Coolors;
			productName = Coolors;
			productReference = 4F41803F28A536BB00A1BE29 /* Coolors.app */;
			productType = "com.apple.product-type.application";
		};
/* End PBXNativeTarget section */

/* Begin PBXProject section */
		4F41803728A536BB00A1BE29 /* Project object */ = {
			isa = PBXProject;
			attributes = {
				BuildIndependentTargetsInParallel = 1;
				LastSwiftUpdateCheck = 1310;
				LastUpgradeCheck = 1310;
				TargetAttributes = {
					4F41803E28A536BB00A1BE29 = {
						CreatedOnToolsVersion = 13.1;
					};
				};
			};
			buildConfigurationList = 4F41803A28A536BB00A1BE29 /* Build configuration list for PBXProject "Coolors" */;
			compatibilityVersion = "Xcode 13.0";
			developmentRegion = en;
			hasScannedForEncodings = 0;
			knownRegions = (
				en,
				Base,
			);
			mainGroup = 4F41803628A536BB00A1BE29;
			productRefGroup = 4F41804028A536BB00A1BE29 /* Products */;
			projectDirPath = "";
			projectRoot = "";
			targets = (
				4F41803E28A536BB00A1BE29 /* Coolors */,
			);
		};
/* End PBXProject section */

/* Begin PBXResourcesBuildPhase section */
		4F41803D28A536BB00A1BE29 /* Resources */ = {
			isa = PBXResourcesBuildPhase;
			buildActionMask = 2147483647;
			files = (
				4F41804F28A536BC00A1BE29 /* LaunchScreen.storyboard in Resources */,
				4F41804C28A536BC00A1BE29 /* Assets.xcassets in Resources */,
			);
			runOnlyForDeploymentPostprocessing = 0;
		};
/* End PBXResourcesBuildPhase section */

/* Begin PBXSourcesBuildPhase section */
		4F41803B28A536BB00A1BE29 /* Sources */ = {
			isa = PBXSourcesBuildPhase;
			buildActionMask = 2147483647;
			files = (
				4F41804328A536BB00A1BE29 /* AppDelegate.swift in Sources */,
				4F41807C28A53DA000A1BE29 /* ImageService.swift in Sources */,
				4F41807028A53C7F00A1BE29 /* ImageColor.swift in Sources */,
				4F41807828A53D7C00A1BE29 /* UnsplashParser.swift in Sources */,
				4F41807E28A53DAF00A1BE29 /* Extensions.swift in Sources */,
				4F41807628A53D4F00A1BE29 /* CoolorsListViewController.swift in Sources */,
				4F41807428A53CD100A1BE29 /* CoolorsView.swift in Sources */,
				4F41807A28A53D9300A1BE29 /* UnsplashPath.swift in Sources */,
				4F41804528A536BB00A1BE29 /* SceneDelegate.swift in Sources */,
				4F41806E28A53C4200A1BE29 /* UnsplashImage.swift in Sources */,
				4F41807228A53CBB00A1BE29 /* CoolorsTableViewCell.swift in Sources */,
			);
			runOnlyForDeploymentPostprocessing = 0;
		};
/* End PBXSourcesBuildPhase section */

/* Begin PBXVariantGroup section */
		4F41804D28A536BC00A1BE29 /* LaunchScreen.storyboard */ = {
			isa = PBXVariantGroup;
			children = (
				4F41804E28A536BC00A1BE29 /* Base */,
			);
			name = LaunchScreen.storyboard;
			sourceTree = "<group>";
		};
/* End PBXVariantGroup section */

/* Begin XCBuildConfiguration section */
		4F41805128A536BC00A1BE29 /* Debug */ = {
			isa = XCBuildConfiguration;
			buildSettings = {
				ALWAYS_SEARCH_USER_PATHS = NO;
				CLANG_ANALYZER_NONNULL = YES;
				CLANG_ANALYZER_NUMBER_OBJECT_CONVERSION = YES_AGGRESSIVE;
				CLANG_CXX_LANGUAGE_STANDARD = "gnu++17";
				CLANG_CXX_LIBRARY = "libc++";
				CLANG_ENABLE_MODULES = YES;
				CLANG_ENABLE_OBJC_ARC = YES;
				CLANG_ENABLE_OBJC_WEAK = YES;
				CLANG_WARN_BLOCK_CAPTURE_AUTORELEASING = YES;
				CLANG_WARN_BOOL_CONVERSION = YES;
				CLANG_WARN_COMMA = YES;
				CLANG_WARN_CONSTANT_CONVERSION = YES;
				CLANG_WARN_DEPRECATED_OBJC_IMPLEMENTATIONS = YES;
				CLANG_WARN_DIRECT_OBJC_ISA_USAGE = YES_ERROR;
				CLANG_WARN_DOCUMENTATION_COMMENTS = YES;
				CLANG_WARN_EMPTY_BODY = YES;
				CLANG_WARN_ENUM_CONVERSION = YES;
				CLANG_WARN_INFINITE_RECURSION = YES;
				CLANG_WARN_INT_CONVERSION = YES;
				CLANG_WARN_NON_LITERAL_NULL_CONVERSION = YES;
				CLANG_WARN_OBJC_IMPLICIT_RETAIN_SELF = YES;
				CLANG_WARN_OBJC_LITERAL_CONVERSION = YES;
				CLANG_WARN_OBJC_ROOT_CLASS = YES_ERROR;
				CLANG_WARN_QUOTED_INCLUDE_IN_FRAMEWORK_HEADER = YES;
				CLANG_WARN_RANGE_LOOP_ANALYSIS = YES;
				CLANG_WARN_STRICT_PROTOTYPES = YES;
				CLANG_WARN_SUSPICIOUS_MOVE = YES;
				CLANG_WARN_UNGUARDED_AVAILABILITY = YES_AGGRESSIVE;
				CLANG_WARN_UNREACHABLE_CODE = YES;
				CLANG_WARN__DUPLICATE_METHOD_MATCH = YES;
				COPY_PHASE_STRIP = NO;
				DEBUG_INFORMATION_FORMAT = dwarf;
				ENABLE_STRICT_OBJC_MSGSEND = YES;
				ENABLE_TESTABILITY = YES;
				GCC_C_LANGUAGE_STANDARD = gnu11;
				GCC_DYNAMIC_NO_PIC = NO;
				GCC_NO_COMMON_BLOCKS = YES;
				GCC_OPTIMIZATION_LEVEL = 0;
				GCC_PREPROCESSOR_DEFINITIONS = (
					"DEBUG=1",
					"$(inherited)",
				);
				GCC_WARN_64_TO_32_BIT_CONVERSION = YES;
				GCC_WARN_ABOUT_RETURN_TYPE = YES_ERROR;
				GCC_WARN_UNDECLARED_SELECTOR = YES;
				GCC_WARN_UNINITIALIZED_AUTOS = YES_AGGRESSIVE;
				GCC_WARN_UNUSED_FUNCTION = YES;
				GCC_WARN_UNUSED_VARIABLE = YES;
				IPHONEOS_DEPLOYMENT_TARGET = 15.0;
				MTL_ENABLE_DEBUG_INFO = INCLUDE_SOURCE;
				MTL_FAST_MATH = YES;
				ONLY_ACTIVE_ARCH = YES;
				SDKROOT = iphoneos;
				SWIFT_ACTIVE_COMPILATION_CONDITIONS = DEBUG;
				SWIFT_OPTIMIZATION_LEVEL = "-Onone";
			};
			name = Debug;
		};
		4F41805228A536BC00A1BE29 /* Release */ = {
			isa = XCBuildConfiguration;
			buildSettings = {
				ALWAYS_SEARCH_USER_PATHS = NO;
				CLANG_ANALYZER_NONNULL = YES;
				CLANG_ANALYZER_NUMBER_OBJECT_CONVERSION = YES_AGGRESSIVE;
				CLANG_CXX_LANGUAGE_STANDARD = "gnu++17";
				CLANG_CXX_LIBRARY = "libc++";
				CLANG_ENABLE_MODULES = YES;
				CLANG_ENABLE_OBJC_ARC = YES;
				CLANG_ENABLE_OBJC_WEAK = YES;
				CLANG_WARN_BLOCK_CAPTURE_AUTORELEASING = YES;
				CLANG_WARN_BOOL_CONVERSION = YES;
				CLANG_WARN_COMMA = YES;
				CLANG_WARN_CONSTANT_CONVERSION = YES;
				CLANG_WARN_DEPRECATED_OBJC_IMPLEMENTATIONS = YES;
				CLANG_WARN_DIRECT_OBJC_ISA_USAGE = YES_ERROR;
				CLANG_WARN_DOCUMENTATION_COMMENTS = YES;
				CLANG_WARN_EMPTY_BODY = YES;
				CLANG_WARN_ENUM_CONVERSION = YES;
				CLANG_WARN_INFINITE_RECURSION = YES;
				CLANG_WARN_INT_CONVERSION = YES;
				CLANG_WARN_NON_LITERAL_NULL_CONVERSION = YES;
				CLANG_WARN_OBJC_IMPLICIT_RETAIN_SELF = YES;
				CLANG_WARN_OBJC_LITERAL_CONVERSION = YES;
				CLANG_WARN_OBJC_ROOT_CLASS = YES_ERROR;
				CLANG_WARN_QUOTED_INCLUDE_IN_FRAMEWORK_HEADER = YES;
				CLANG_WARN_RANGE_LOOP_ANALYSIS = YES;
				CLANG_WARN_STRICT_PROTOTYPES = YES;
				CLANG_WARN_SUSPICIOUS_MOVE = YES;
				CLANG_WARN_UNGUARDED_AVAILABILITY = YES_AGGRESSIVE;
				CLANG_WARN_UNREACHABLE_CODE = YES;
				CLANG_WARN__DUPLICATE_METHOD_MATCH = YES;
				COPY_PHASE_STRIP = NO;
				DEBUG_INFORMATION_FORMAT = "dwarf-with-dsym";
				ENABLE_NS_ASSERTIONS = NO;
				ENABLE_STRICT_OBJC_MSGSEND = YES;
				GCC_C_LANGUAGE_STANDARD = gnu11;
				GCC_NO_COMMON_BLOCKS = YES;
				GCC_WARN_64_TO_32_BIT_CONVERSION = YES;
				GCC_WARN_ABOUT_RETURN_TYPE = YES_ERROR;
				GCC_WARN_UNDECLARED_SELECTOR = YES;
				GCC_WARN_UNINITIALIZED_AUTOS = YES_AGGRESSIVE;
				GCC_WARN_UNUSED_FUNCTION = YES;
				GCC_WARN_UNUSED_VARIABLE = YES;
				IPHONEOS_DEPLOYMENT_TARGET = 15.0;
				MTL_ENABLE_DEBUG_INFO = NO;
				MTL_FAST_MATH = YES;
				SDKROOT = iphoneos;
				SWIFT_COMPILATION_MODE = wholemodule;
				SWIFT_OPTIMIZATION_LEVEL = "-O";
				VALIDATE_PRODUCT = YES;
			};
			name = Release;
		};
		4F41805428A536BC00A1BE29 /* Debug */ = {
			isa = XCBuildConfiguration;
			buildSettings = {
				ASSETCATALOG_COMPILER_APPICON_NAME = AppIcon;
				ASSETCATALOG_COMPILER_GLOBAL_ACCENT_COLOR_NAME = AccentColor;
				CODE_SIGN_STYLE = Automatic;
				CURRENT_PROJECT_VERSION = 1;
				GENERATE_INFOPLIST_FILE = YES;
				INFOPLIST_FILE = Coolors/Info.plist;
				INFOPLIST_KEY_UIApplicationSupportsIndirectInputEvents = YES;
				INFOPLIST_KEY_UILaunchStoryboardName = LaunchScreen;
				INFOPLIST_KEY_UISupportedInterfaceOrientations_iPad = "UIInterfaceOrientationPortrait UIInterfaceOrientationPortraitUpsideDown UIInterfaceOrientationLandscapeLeft UIInterfaceOrientationLandscapeRight";
				INFOPLIST_KEY_UISupportedInterfaceOrientations_iPhone = "UIInterfaceOrientationPortrait UIInterfaceOrientationLandscapeLeft UIInterfaceOrientationLandscapeRight";
				LD_RUNPATH_SEARCH_PATHS = (
					"$(inherited)",
					"@executable_path/Frameworks",
				);
				MARKETING_VERSION = 1.0;
				PRODUCT_BUNDLE_IDENTIFIER = erm.Coolors;
				PRODUCT_NAME = "$(TARGET_NAME)";
				SWIFT_EMIT_LOC_STRINGS = YES;
				SWIFT_VERSION = 5.0;
				TARGETED_DEVICE_FAMILY = "1,2";
			};
			name = Debug;
		};
		4F41805528A536BC00A1BE29 /* Release */ = {
			isa = XCBuildConfiguration;
			buildSettings = {
				ASSETCATALOG_COMPILER_APPICON_NAME = AppIcon;
				ASSETCATALOG_COMPILER_GLOBAL_ACCENT_COLOR_NAME = AccentColor;
				CODE_SIGN_STYLE = Automatic;
				CURRENT_PROJECT_VERSION = 1;
				GENERATE_INFOPLIST_FILE = YES;
				INFOPLIST_FILE = Coolors/Info.plist;
				INFOPLIST_KEY_UIApplicationSupportsIndirectInputEvents = YES;
				INFOPLIST_KEY_UILaunchStoryboardName = LaunchScreen;
				INFOPLIST_KEY_UISupportedInterfaceOrientations_iPad = "UIInterfaceOrientationPortrait UIInterfaceOrientationPortraitUpsideDown UIInterfaceOrientationLandscapeLeft UIInterfaceOrientationLandscapeRight";
				INFOPLIST_KEY_UISupportedInterfaceOrientations_iPhone = "UIInterfaceOrientationPortrait UIInterfaceOrientationLandscapeLeft UIInterfaceOrientationLandscapeRight";
				LD_RUNPATH_SEARCH_PATHS = (
					"$(inherited)",
					"@executable_path/Frameworks",
				);
				MARKETING_VERSION = 1.0;
				PRODUCT_BUNDLE_IDENTIFIER = erm.Coolors;
				PRODUCT_NAME = "$(TARGET_NAME)";
				SWIFT_EMIT_LOC_STRINGS = YES;
				SWIFT_VERSION = 5.0;
				TARGETED_DEVICE_FAMILY = "1,2";
			};
			name = Release;
		};
/* End XCBuildConfiguration section */

/* Begin XCConfigurationList section */
		4F41803A28A536BB00A1BE29 /* Build configuration list for PBXProject "Coolors" */ = {
			isa = XCConfigurationList;
			buildConfigurations = (
				4F41805128A536BC00A1BE29 /* Debug */,
				4F41805228A536BC00A1BE29 /* Release */,
			);
			defaultConfigurationIsVisible = 0;
			defaultConfigurationName = Release;
		};
		4F41805328A536BC00A1BE29 /* Build configuration list for PBXNativeTarget "Coolors" */ = {
			isa = XCConfigurationList;
			buildConfigurations = (
				4F41805428A536BC00A1BE29 /* Debug */,
				4F41805528A536BC00A1BE29 /* Release */,
			);
			defaultConfigurationIsVisible = 0;
			defaultConfigurationName = Release;
		};
/* End XCConfigurationList section */
	};
	rootObject = 4F41803728A536BB00A1BE29 /* Project object */;
}
